# Auto-generated by skillet build. Do not edit. Run `skillet check` to verify freshness.

[meta]
skillet_version = "0.1.0"
built_at = "2026-05-19T08:54:41.741006200Z"
tokenizer = "cl100k_base"

[skills.skillet]
source_hash = "sha256:9d0c5a8cbef5a69025eef3538205d3edeaa52bc7a1f8f79c17db0b5e8ea8772b"
compiled_hash = "sha256:7a569ee8bf713006ed996d6f5a89c69a30bd0dd28a39f38a3e498352224fa0de"
discovery_tokens = 9
activation_tokens = 544
transitive_tokens = 544
fragments_used = []
minhash = [
    80222653083189446,
    304318970096859655,
    137820725129315245,
    780974114748430274,
    34157960924400608,
    651116118405752138,
    264468116849407212,
    2452795933451005883,
    1704290813054813896,
    161126642237710594,
    549185933805090456,
    475914078403025397,
    1911239796771754732,
    682203083877814175,
    277902213752399734,
    152290233373852914,
    432127509118113383,
    154581588891099434,
    388822667132738240,
    1055497861752347091,
    1102460569234438536,
    372446217481092025,
    380145686693764841,
    105407592392937082,
    33138163699243250,
    107528046652564775,
    331640379735706040,
    51022794143815848,
    1444162004885751067,
    255239494418475063,
    1377104252816934092,
    329912077251621498,
    604656249801108417,
    323648394954761020,
    435842116572998720,
    545146413059457874,
    145011442033367052,
    597442898168122798,
    536790350849122711,
    854369831549770254,
    994942211710781174,
    171421946687102361,
    513006325029562264,
    465340768519278396,
    1011256145951842024,
    2040994295831663820,
    1077689675859954808,
    1782852255229572923,
    59615574437979672,
    902722544429013678,
    384793731019048786,
    290475613085764475,
    2354305770930178977,
    294471512926284576,
    680739824042322533,
    1561842469801664812,
    71066766455404244,
    743691780027396174,
    212681454358108976,
    1333689389476606573,
    6224964148531991,
    2067107932086417514,
    265314665586703584,
    2504977227857671527,
    381433315017298707,
    998749895280310954,
    33450795026303026,
    2418541305835997404,
    996002760403258053,
    429212102975399610,
    2047104047921987031,
    97717003068728365,
    38238805104110096,
    720843573720466909,
    96471835992891937,
    462248892399393901,
    134426622148245216,
    90673937225134698,
    1006406049799662776,
    518178806055338862,
    211451657862608130,
    713125659457512985,
    836714828461658364,
    131017760973938253,
    943544647522942312,
    845782458922891566,
    231114895370940343,
    2022108120237848053,
    2099728617670901552,
    217348939645282109,
    1098682503490995108,
    488425779574784318,
    363810712279906736,
    372976145431684479,
    412623336856152982,
    851032012916840950,
    602171089812948797,
    1144034419019768193,
    48266554333462066,
    394964274251312088,
    905509042571437313,
    480882510843331071,
    565899426803921189,
    33412710849885479,
    563253416072358706,
    47896872753892622,
    405331610620903256,
    342070614136850626,
    1359240405351351152,
    477692045827114138,
    668136504389042702,
    126233896042947706,
    1801106554202810534,
    188519473249634474,
    16036426946069583,
    873586835238590138,
    1209015435776506421,
    230397170426831887,
    11916575477060376,
    958668109144421804,
    11048059634400566,
    246276182978759458,
    17306896695237528,
    370221147325057078,
    333073837061393572,
    34631181812458212,
    247614586567244752,
    72854733134973883,
]

[skills.skillet-shim]
source_hash = "sha256:13d68e07ef7aed981b17eaff9f696aa5f0104564af1e549e1ab991b210f9c393"
compiled_hash = "sha256:c279b0da859b97b80fa13b5fd6853c119584c78555621a861e819bced3947449"
discovery_tokens = 14
activation_tokens = 150
transitive_tokens = 150
fragments_used = []
minhash = [
    1487779346554278727,
    2448926313653680479,
    2445600095802787247,
    7732866099914026504,
    6637938045328915368,
    1841483365540134864,
    1530124957892447928,
    5736825504990509080,
    4722893535845010792,
    4705921139980231743,
    14645036342066871928,
    13139419545416079864,
    10138063391768497560,
    2432851469003830544,
    3298808249256045064,
    8718125297645140936,
    1365977482645617080,
    1485072586024460735,
    1286513697291194479,
    634952939339070696,
    14333692187791595559,
    11617198796301310079,
    15169652699960562111,
    3256952998802314392,
    5445184544829087880,
    8253589099745726928,
    1761129795545337263,
    1914308609179800056,
    3314695138363571864,
    370969134139620031,
    7342259724785336680,
    6546189529692331240,
    2756726600241434951,
    3210377741755003792,
    6053405290384614575,
    3492413891065408712,
    2314977863231438567,
    4505824819339243871,
    12953566632648293151,
    1074369641938314287,
    5818455197889565416,
    14274456029333494591,
    10594354546840710959,
    4341815189074602616,
    8171119481377446999,
    10620673221967285087,
    4040277899507958847,
    2137963358786533512,
    2011608544251763783,
    3229728710160260624,
    9941014931813216456,
    5982204505654672511,
    2268777657508308808,
    1512291943894338128,
    1832677276006636095,
    11677406196519567192,
    5994084317707517000,
    9021255203808604575,
    10619364697129343279,
    8300388644607030015,
    6101534235814296792,
    4728648625481541951,
    4730253774664952479,
    2938614142158601039,
    7013777215849119303,
    5982022794861383696,
    5703879813407389288,
    10503135148985763359,
    6246766983996737703,
    3746482849650370896,
    8554473763880395320,
    9072002157770332696,
    2040655513384069608,
    3101288021874026175,
    3855929702115783032,
    7056056350172088095,
    8565349676249466520,
    1033659090640210463,
    10124122407750354751,
    11802111405397498959,
    275505267012907320,
    11024485793001094207,
    4920484681263073519,
    3081102382138406271,
    7398877817573317543,
    6859735876335570047,
    13248166778907704127,
    7993372961725643160,
    9187938141106818312,
    9405040304528505183,
    5071986491936464056,
    2498777875502141432,
    4439422342026364056,
    7284973413968448831,
    2986729828830185192,
    8636848001049303311,
    401150973631143032,
    300670961915873439,
    7345917766296039912,
    4548349879485529183,
    5365893364316265128,
    10259992427232433631,
    12429396363136577976,
    1260208699841333039,
    14643788040923671400,
    2053001238739870655,
    6440825805725872943,
    234781107905984120,
    816887050788467800,
    5828031702455951632,
    2172611604721018696,
    7113682265468252559,
    3307172198590871111,
    4834130485726324240,
    5998697105797769416,
    8816857825421783656,
    2578756035735000904,
    690194569745980112,
    2557200997521705663,
    2948898121612530904,
    4689116705950528439,
    1008583936524946079,
    2105418375676375599,
    15649637378159030648,
    1896073641595526488,
    5555023112416798911,
    944897174652059295,
    7813776315242699343,
]
