# Auto-generated by skillet build. Do not edit. Run `skillet check` to verify freshness.

[meta]
skillet_version = "0.1.0"
built_at = "2026-05-19T08:54:41.741006200Z"
tokenizer = "cl100k_base"

[skills.skillet]
source_hash = "sha256:9d0c5a8cbef5a69025eef3538205d3edeaa52bc7a1f8f79c17db0b5e8ea8772b"
compiled_hash = "sha256:7a569ee8bf713006ed996d6f5a89c69a30bd0dd28a39f38a3e498352224fa0de"
discovery_tokens = 9
activation_tokens = 544
transitive_tokens = 544
fragments_used = []

[skills.skillet-shim]
source_hash = "sha256:13d68e07ef7aed981b17eaff9f696aa5f0104564af1e549e1ab991b210f9c393"
compiled_hash = "sha256:c279b0da859b97b80fa13b5fd6853c119584c78555621a861e819bced3947449"
discovery_tokens = 14
activation_tokens = 150
transitive_tokens = 150
fragments_used = []
