# Auto-generated by skillet build. Do not edit. Run `skillet check` to verify freshness.

[meta]
skillet_version = "0.1.0"
built_at = "2026-06-14T13:38:36.555398324Z"
tokenizer = "cl100k_base"

[skills.migrate]
source_hash = "sha256:aca195df3606a3f5b9d3d9cd0de40ff7381a8a81b0adef46f057c240d3abfc9a"
compiled_hash = "sha256:877a95a3194ede6df0cae0141dd8932f763f1ce92b90a4f3b1388116539c5cdb"
discovery_tokens = 22
activation_tokens = 1527
transitive_tokens = 0
fragments_used = []
minhash = [
    1000569951430568,
    142252922816289911,
    171502766213618985,
    32946899114543416,
    504161986148752034,
    177367935806441991,
    287669446222515466,
    24809167441977976,
    139344414238974678,
    538486550153884732,
    7721720656985341,
    11288133397012570,
    239946957438037553,
    15124644461637066,
    619906815682983450,
    40891156316336456,
    297341142939785486,
    116824138132680875,
    28355917280997102,
    10605155435091016,
    100318928287104492,
    501528255938880345,
    42369131472128906,
    18372628111330013,
    471659476438033453,
    85558238680589518,
    88186802604761084,
    58411367503555359,
    113526200084533625,
    16900488481991764,
    297359443278814212,
    175559044316168806,
    189725152817396740,
    1057477510198513424,
    589687299796125186,
    283046603860622016,
    401100795574448813,
    51195708415137031,
    576099873027491917,
    518778347621237738,
    218995399966184346,
    90513640922997861,
    209052438887603927,
    46690890072463322,
    336894032937607710,
    46343348655644152,
    416570157444480101,
    290446711110264968,
    106843212514205128,
    17794309695401324,
    362606758610017418,
    162983217265979877,
    269104162840609842,
    47985478987448536,
    344459579381020663,
    327584843813747685,
    395093688548590003,
    652976487054714204,
    136695507005338816,
    81529708930813789,
    11948283589946892,
    60220999396646028,
    91038480169117544,
    52506624881759044,
    107190672471159509,
    278950660341511997,
    69560951312291101,
    355443364275333764,
    41329557226476477,
    66185009466350516,
    457751588769972542,
    149500230660178082,
    162778899231831194,
    7911805273861311,
    10971651378644887,
    275205061639270706,
    719931000183112847,
    320512428113797112,
    93788237945084262,
    9390700828626935,
    349018162279067278,
    64340346894499499,
    9423812839115606,
    225102106959845794,
    295834765492232877,
    478870602150418538,
    270578544846555938,
    1117576832956063895,
    40905639729822333,
    198916668098479553,
    50385799189114455,
    398964141162423071,
    130016173248362086,
    109435758331814031,
    147928627407016386,
    15033917592222084,
    210915606438010862,
    203168734725061728,
    171438936132390228,
    437074315392449207,
    858957323031397038,
    11783269694197076,
    599458555602595525,
    364992823838855213,
    610928965786244834,
    405458416907086267,
    34462420650959929,
    32486682391816080,
    4656346453245217,
    92280622752563616,
    403764338908594857,
    196608175325097751,
    50425189265226084,
    152376321179840156,
    111689431420267367,
    335933183679109637,
    116866786036200219,
    951663256049858054,
    359955624426535569,
    303311493619861436,
    23496882634726383,
    1016078939168457983,
    55667029041577841,
    217621391187721175,
    123083031899949676,
    189894292781319151,
    89153602876548385,
    79417446930979245,
]

[skills.migrate.refs]
paths = ["./path/to/file.md"]

[skills.skillet]
source_hash = "sha256:a7cf4d14d8b41ce017a0186b79d99caccd02bce49256c580ea62b5134822fc2a"
compiled_hash = "sha256:f14edf3b0c05d96de3ad448fb5e97240a5eef05a5645d155ea8fbc53a7ba7e3d"
discovery_tokens = 9
activation_tokens = 506
transitive_tokens = 0
fragments_used = []
minhash = [
    80222653083189446,
    434652836595790529,
    137820725129315245,
    719838835924131956,
    1472186009090509144,
    651116118405752138,
    264468116849407212,
    302191491634062434,
    1192935275006825098,
    124875038887917614,
    549185933805090456,
    968265254178561958,
    1311573003938572358,
    682203083877814175,
    237500829528933086,
    152290233373852914,
    432127509118113383,
    154581588891099434,
    496552920567278824,
    1254443327176530283,
    1102460569234438536,
    372446217481092025,
    71052709300109102,
    105407592392937082,
    1048326351452944079,
    107528046652564775,
    273819548603449192,
    51022794143815848,
    1444162004885751067,
    348156675213716488,
    1377104252816934092,
    401508049640941868,
    604656249801108417,
    93770721756652060,
    287288023076227288,
    142921442162760500,
    128630028876978878,
    793918932497409775,
    536790350849122711,
    1026116056876608551,
    994942211710781174,
    171421946687102361,
    425525437246328040,
    540844568096589902,
    1617131426984284456,
    2061281678719970020,
    160498466108334646,
    888696571081443236,
    203637464853505356,
    1474542255289324942,
    1451828286179203640,
    150001864038337714,
    567820221030721958,
    848932702769496191,
    680739824042322533,
    1946205381597001868,
    555885466246460905,
    1660039709228722442,
    765287386981710252,
    1333689389476606573,
    6224964148531991,
    452737449762921544,
    340733227488696915,
    570464982351602274,
    381433315017298707,
    998749895280310954,
    1088948573150467096,
    1041401597265921682,
    240458305427347327,
    429212102975399610,
    2047104047921987031,
    97717003068728365,
    38238805104110096,
    1073713285455044074,
    188145162431706740,
    339878770231278084,
    134426622148245216,
    62932638122858758,
    1006406049799662776,
    68533544334764044,
    4295448424701318320,
    713125659457512985,
    647563952125328382,
    131017760973938253,
    1991927319022005848,
    238295514332590342,
    231114895370940343,
    1459318284231906436,
    340287435876806246,
    849358451812734794,
    1098682503490995108,
    2799990689710592479,
    363810712279906736,
    137128971271159432,
    412623336856152982,
    851032012916840950,
    369750409598418658,
    429947187158130274,
    836464836998876542,
    394964274251312088,
    639256795308808326,
    76992015756482502,
    1171092723004830942,
    33412710849885479,
    819535091084532574,
    263278816668175214,
    648421978205693604,
    730802447677825544,
    1359240405351351152,
    104191287400413882,
    668136504389042702,
    814008267737649070,
    449053799652193058,
    188519473249634474,
    16036426946069583,
    873586835238590138,
    470914792737633470,
    47159614602292214,
    424551967391940008,
    2316150230752843998,
    11048059634400566,
    246276182978759458,
    17306896695237528,
    370221147325057078,
    333073837061393572,
    34631181812458212,
    804243913558216484,
    72854733134973883,
]

[skills.skillet-shim]
source_hash = "sha256:64462579cc37c01a5349ff2864029e9b462d8499cc1fb48fafb0eba493e1bff1"
compiled_hash = "sha256:2a949cb02511447c0d8e12a8f09f482ea4d07cbc7d702ba661f0c4e6d876dd60"
discovery_tokens = 14
activation_tokens = 145
transitive_tokens = 0
fragments_used = []
minhash = [
    4916849018999047214,
    11809616639275472199,
    1498031194071400479,
    10909858520624458094,
    8875699799628230355,
    6970698476050463070,
    2894962655229828591,
    3606656141040457411,
    5565557198781124574,
    6251028741971609510,
    5146880085288223558,
    7752049554671211966,
    413336763918234243,
    1570963478316515214,
    4710912463287038335,
    2954030571056647574,
    3400524898982776571,
    3872987661385007718,
    16987938520405260031,
    1937991862426014235,
    5695472910941707094,
    10292281923987229150,
    15188932962279132734,
    3594544116675494531,
    2196968883843396187,
    2182963155673350055,
    3818863991250287407,
    6601383777568401371,
    1088315102618089347,
    15430913164991899959,
    3952842873878367519,
    377676756826822355,
    908363496941630958,
    6937104846899064263,
    3349976142805199814,
    12939148033512609838,
    4602543581717090963,
    2690317696088549111,
    9462228526380553342,
    8401341165544640534,
    11635568167946971,
    3696354869454606310,
    1843218965367679535,
    5100879632947788926,
    2953339676312893507,
    2423714058229923854,
    1550172864790045006,
    7826561243799177686,
    1153683184478121211,
    6212647845370524326,
    9047721373506774271,
    2279926616818607835,
    7050672093572263702,
    5831100238322279063,
    13866701167423980030,
    2755835639724716278,
    3850507284589917723,
    1052078930102257574,
    10948868233069226246,
    17621270039681573758,
    11685867923554284867,
    6597359483288391214,
    10257195221198410463,
    1632022007048959350,
    12873946557909033774,
    7724660316505561543,
    6249600086782041030,
    10124390164823390702,
    1620618647496520275,
    1368914706765103710,
    8499099843743899631,
    10263639369741474262,
    14750683957209915870,
    8549800326363071526,
    12872868377854850223,
    1080404161695176254,
    5733664081285036214,
    12216864461154187662,
    6366340602957325646,
    4760492234838676630,
    1812398995775467982,
    2450645798326814310,
    11581145375519327359,
    11316632851392401742,
    4786941941390524886,
    3505619135677902814,
    8360987546530222270,
    4261328032134585206,
    9812768516466146651,
    5958725724400542182,
    12048965453601653167,
    3178656013021787867,
    4144094883785528835,
    5193465434833000558,
    4435957460686529582,
    8594061217824003155,
    13048382838968607355,
    6950717692971365191,
    5058295582403891807,
    8937733969361222190,
    14166392834207879670,
    7682443073932519390,
    3603772049546452350,
    7557685251981759510,
    1437916265173168094,
    8178869799772562406,
    7494835467349046447,
    9488493996176789851,
    10705958171798767286,
    8836133619214554894,
    729135033369337038,
    1289892130646429270,
    9478823043280257230,
    5597869916933647654,
    10143640439679195263,
    6064301893525714139,
    652342888742273715,
    2383418647501019159,
    9381533609030815742,
    7019508408438359235,
    7295414014666925211,
    858835504163368423,
    4773773624155097135,
    3050675511699448958,
    4640959161949906499,
    4029369165908104055,
    5410775637487734254,
    5857317362215176595,
]

[skills.skillet-shim.refs]
commands = [
    "skillet budget",
    "skillet build",
    "skillet check",
    "skillet lint",
    "skillet new <name>",
]

[agents]
